// !$*UTF8*$!
{
	archiveVersion = 1;
	classes = {
	};
	objectVersion = 56;
	objects = {

/* Begin PBXBuildFile section */
		ABC36ACB2970305D00A9FEE8 /* HueHunterApp.swift in Sources */ = {isa = PBXBuildFile; fileRef = ABC36ACA2970305D00A9FEE8 /* HueHunterApp.swift */; };
		ABC36ACD2970305D00A9FEE8 /* ContentView.swift in Sources */ = {isa = PBXBuildFile; fileRef = ABC36ACC2970305D00A9FEE8 /* ContentView.swift */; };
		ABC36ACF2970305E00A9FEE8 /* Assets.xcassets in Resources */ = {isa = PBXBuildFile; fileRef = ABC36ACE2970305E00A9FEE8 /* Assets.xcassets */; };
		ABC36AD22970305E00A9FEE8 /* Preview Assets.xcassets in Resources */ = {isa = PBXBuildFile; fileRef = ABC36AD12970305E00A9FEE8 /* Preview Assets.xcassets */; };
		ABC36ADA297030BE00A9FEE8 /* DraggableColor.swift in Sources */ = {isa = PBXBuildFile; fileRef = ABC36AD9297030BE00A9FEE8 /* DraggableColor.swift */; };
		ABC36ADC297030DC00A9FEE8 /* FirstView.swift in Sources */ = {isa = PBXBuildFile; fileRef = ABC36ADB297030DC00A9FEE8 /* FirstView.swift */; };
		ABC36ADE297030F400A9FEE8 /* ObjectContainer.swift in Sources */ = {isa = PBXBuildFile; fileRef = ABC36ADD297030F400A9FEE8 /* ObjectContainer.swift */; };
		ABC36AE02970310D00A9FEE8 /* ObjectsView.swift in Sources */ = {isa = PBXBuildFile; fileRef = ABC36ADF2970310D00A9FEE8 /* ObjectsView.swift */; };
		ABC36AE22970312700A9FEE8 /* ParticelsView.swift in Sources */ = {isa = PBXBuildFile; fileRef = ABC36AE12970312700A9FEE8 /* ParticelsView.swift */; };
		ABC36AE52970314B00A9FEE8 /* Emitters.swift in Sources */ = {isa = PBXBuildFile; fileRef = ABC36AE42970314B00A9FEE8 /* Emitters.swift */; };
		ABC36AE72970316000A9FEE8 /* object.swift in Sources */ = {isa = PBXBuildFile; fileRef = ABC36AE62970316000A9FEE8 /* object.swift */; };
		ABC36AEA2970319300A9FEE8 /* GameViewModel.swift in Sources */ = {isa = PBXBuildFile; fileRef = ABC36AE92970319300A9FEE8 /* GameViewModel.swift */; };
		ABC36AEC297031AF00A9FEE8 /* ParticlesEmitter.swift in Sources */ = {isa = PBXBuildFile; fileRef = ABC36AEB297031AF00A9FEE8 /* ParticlesEmitter.swift */; };
		ABC36AEF297033B100A9FEE8 /* Localizable.strings in Resources */ = {isa = PBXBuildFile; fileRef = ABC36AF1297033B100A9FEE8 /* Localizable.strings */; };
/* End PBXBuildFile section */

/* Begin PBXFileReference section */
		ABC36AC72970305D00A9FEE8 /* HueHunter.app */ = {isa = PBXFileReference; explicitFileType = wrapper.application; includeInIndex = 0; path = HueHunter.app; sourceTree = BUILT_PRODUCTS_DIR; };
		ABC36ACA2970305D00A9FEE8 /* HueHunterApp.swift */ = {isa = PBXFileReference; lastKnownFileType = sourcecode.swift; path = HueHunterApp.swift; sourceTree = "<group>"; };
		ABC36ACC2970305D00A9FEE8 /* ContentView.swift */ = {isa = PBXFileReference; lastKnownFileType = sourcecode.swift; path = ContentView.swift; sourceTree = "<group>"; };
		ABC36ACE2970305E00A9FEE8 /* Assets.xcassets */ = {isa = PBXFileReference; lastKnownFileType = folder.assetcatalog; path = Assets.xcassets; sourceTree = "<group>"; };
		ABC36AD12970305E00A9FEE8 /* Preview Assets.xcassets */ = {isa = PBXFileReference; lastKnownFileType = folder.assetcatalog; path = "Preview Assets.xcassets"; sourceTree = "<group>"; };
		ABC36AD9297030BE00A9FEE8 /* DraggableColor.swift */ = {isa = PBXFileReference; lastKnownFileType = sourcecode.swift; path = DraggableColor.swift; sourceTree = "<group>"; };
		ABC36ADB297030DC00A9FEE8 /* FirstView.swift */ = {isa = PBXFileReference; lastKnownFileType = sourcecode.swift; path = FirstView.swift; sourceTree = "<group>"; };
		ABC36ADD297030F400A9FEE8 /* ObjectContainer.swift */ = {isa = PBXFileReference; lastKnownFileType = sourcecode.swift; path = ObjectContainer.swift; sourceTree = "<group>"; };
		ABC36ADF2970310D00A9FEE8 /* ObjectsView.swift */ = {isa = PBXFileReference; lastKnownFileType = sourcecode.swift; path = ObjectsView.swift; sourceTree = "<group>"; };
		ABC36AE12970312700A9FEE8 /* ParticelsView.swift */ = {isa = PBXFileReference; lastKnownFileType = sourcecode.swift; path = ParticelsView.swift; sourceTree = "<group>"; };
		ABC36AE42970314B00A9FEE8 /* Emitters.swift */ = {isa = PBXFileReference; lastKnownFileType = sourcecode.swift; path = Emitters.swift; sourceTree = "<group>"; };
		ABC36AE62970316000A9FEE8 /* object.swift */ = {isa = PBXFileReference; lastKnownFileType = sourcecode.swift; path = object.swift; sourceTree = "<group>"; };
		ABC36AE92970319300A9FEE8 /* GameViewModel.swift */ = {isa = PBXFileReference; lastKnownFileType = sourcecode.swift; path = GameViewModel.swift; sourceTree = "<group>"; };
		ABC36AEB297031AF00A9FEE8 /* ParticlesEmitter.swift */ = {isa = PBXFileReference; lastKnownFileType = sourcecode.swift; path = ParticlesEmitter.swift; sourceTree = "<group>"; };
		ABC36AF0297033B100A9FEE8 /* en */ = {isa = PBXFileReference; lastKnownFileType = text.plist.strings; name = en; path = en.lproj/Localizable.strings; sourceTree = "<group>"; };
		ABC36AF2297033B400A9FEE8 /* ar */ = {isa = PBXFileReference; lastKnownFileType = text.plist.strings; name = ar; path = ar.lproj/Localizable.strings; sourceTree = "<group>"; };
/* End PBXFileReference section */

/* Begin PBXFrameworksBuildPhase section */
		ABC36AC42970305D00A9FEE8 /* Frameworks */ = {
			isa = PBXFrameworksBuildPhase;
			buildActionMask = 2147483647;
			files = (
			);
			runOnlyForDeploymentPostprocessing = 0;
		};
/* End PBXFrameworksBuildPhase section */

/* Begin PBXGroup section */
		ABC36ABE2970305D00A9FEE8 = {
			isa = PBXGroup;
			children = (
				ABC36AF1297033B100A9FEE8 /* Localizable.strings */,
				ABC36AC92970305D00A9FEE8 /* HueHunter */,
				ABC36AC82970305D00A9FEE8 /* Products */,
			);
			sourceTree = "<group>";
		};
		ABC36AC82970305D00A9FEE8 /* Products */ = {
			isa = PBXGroup;
			children = (
				ABC36AC72970305D00A9FEE8 /* HueHunter.app */,
			);
			name = Products;
			sourceTree = "<group>";
		};
		ABC36AC92970305D00A9FEE8 /* HueHunter */ = {
			isa = PBXGroup;
			children = (
				ABC36AE82970318300A9FEE8 /* ViewModel */,
				ABC36AE32970313400A9FEE8 /* Model */,
				ABC36AD82970309F00A9FEE8 /* Views */,
				ABC36ACA2970305D00A9FEE8 /* HueHunterApp.swift */,
				ABC36ACC2970305D00A9FEE8 /* ContentView.swift */,
				ABC36ACE2970305E00A9FEE8 /* Assets.xcassets */,
				ABC36AD02970305E00A9FEE8 /* Preview Content */,
			);
			path = HueHunter;
			sourceTree = "<group>";
		};
		ABC36AD02970305E00A9FEE8 /* Preview Content */ = {
			isa = PBXGroup;
			children = (
				ABC36AD12970305E00A9FEE8 /* Preview Assets.xcassets */,
			);
			path = "Preview Content";
			sourceTree = "<group>";
		};
		ABC36AD82970309F00A9FEE8 /* Views */ = {
			isa = PBXGroup;
			children = (
				ABC36AD9297030BE00A9FEE8 /* DraggableColor.swift */,
				ABC36ADB297030DC00A9FEE8 /* FirstView.swift */,
				ABC36ADD297030F400A9FEE8 /* ObjectContainer.swift */,
				ABC36ADF2970310D00A9FEE8 /* ObjectsView.swift */,
				ABC36AE12970312700A9FEE8 /* ParticelsView.swift */,
			);
			path = Views;
			sourceTree = "<group>";
		};
		ABC36AE32970313400A9FEE8 /* Model */ = {
			isa = PBXGroup;
			children = (
				ABC36AE42970314B00A9FEE8 /* Emitters.swift */,
				ABC36AE62970316000A9FEE8 /* object.swift */,
			);
			path = Model;
			sourceTree = "<group>";
		};
		ABC36AE82970318300A9FEE8 /* ViewModel */ = {
			isa = PBXGroup;
			children = (
				ABC36AE92970319300A9FEE8 /* GameViewModel.swift */,
				ABC36AEB297031AF00A9FEE8 /* ParticlesEmitter.swift */,
			);
			path = ViewModel;
			sourceTree = "<group>";
		};
/* End PBXGroup section */

/* Begin PBXNativeTarget section */
		ABC36AC62970305D00A9FEE8 /* HueHunter */ = {
			isa = PBXNativeTarget;
			buildConfigurationList = ABC36AD52970305E00A9FEE8 /* Build configuration list for PBXNativeTarget "HueHunter" */;
			buildPhases = (
				ABC36AC32970305D00A9FEE8 /* Sources */,
				ABC36AC42970305D00A9FEE8 /* Frameworks */,
				ABC36AC52970305D00A9FEE8 /* Resources */,
			);
			buildRules = (
			);
			dependencies = (
			);
			name = HueHunter;
			productName = HueHunter;
			productReference = ABC36AC72970305D00A9FEE8 /* HueHunter.app */;
			productType = "com.apple.product-type.application";
		};
/* End PBXNativeTarget section */

/* Begin PBXProject section */
		ABC36ABF2970305D00A9FEE8 /* Project object */ = {
			isa = PBXProject;
			attributes = {
				BuildIndependentTargetsInParallel = 1;
				LastSwiftUpdateCheck = 1420;
				LastUpgradeCheck = 1420;
				TargetAttributes = {
					ABC36AC62970305D00A9FEE8 = {
						CreatedOnToolsVersion = 14.2;
					};
				};
			};
			buildConfigurationList = ABC36AC22970305D00A9FEE8 /* Build configuration list for PBXProject "HueHunter" */;
			compatibilityVersion = "Xcode 14.0";
			developmentRegion = en;
			hasScannedForEncodings = 0;
			knownRegions = (
				en,
				Base,
				ar,
			);
			mainGroup = ABC36ABE2970305D00A9FEE8;
			productRefGroup = ABC36AC82970305D00A9FEE8 /* Products */;
			projectDirPath = "";
			projectRoot = "";
			targets = (
				ABC36AC62970305D00A9FEE8 /* HueHunter */,
			);
		};
/* End PBXProject section */

/* Begin PBXResourcesBuildPhase section */
		ABC36AC52970305D00A9FEE8 /* Resources */ = {
			isa = PBXResourcesBuildPhase;
			buildActionMask = 2147483647;
			files = (
				ABC36AD22970305E00A9FEE8 /* Preview Assets.xcassets in Resources */,
				ABC36AEF297033B100A9FEE8 /* Localizable.strings in Resources */,
				ABC36ACF2970305E00A9FEE8 /* Assets.xcassets in Resources */,
			);
			runOnlyForDeploymentPostprocessing = 0;
		};
/* End PBXResourcesBuildPhase section */

/* Begin PBXSourcesBuildPhase section */
		ABC36AC32970305D00A9FEE8 /* Sources */ = {
			isa = PBXSourcesBuildPhase;
			buildActionMask = 2147483647;
			files = (
				ABC36ACD2970305D00A9FEE8 /* ContentView.swift in Sources */,
				ABC36ADE297030F400A9FEE8 /* ObjectContainer.swift in Sources */,
				ABC36AE22970312700A9FEE8 /* ParticelsView.swift in Sources */,
				ABC36AEC297031AF00A9FEE8 /* ParticlesEmitter.swift in Sources */,
				ABC36ADC297030DC00A9FEE8 /* FirstView.swift in Sources */,
				ABC36ADA297030BE00A9FEE8 /* DraggableColor.swift in Sources */,
				ABC36ACB2970305D00A9FEE8 /* HueHunterApp.swift in Sources */,
				ABC36AE52970314B00A9FEE8 /* Emitters.swift in Sources */,
				ABC36AE02970310D00A9FEE8 /* ObjectsView.swift in Sources */,
				ABC36AEA2970319300A9FEE8 /* GameViewModel.swift in Sources */,
				ABC36AE72970316000A9FEE8 /* object.swift in Sources */,
			);
			runOnlyForDeploymentPostprocessing = 0;
		};
/* End PBXSourcesBuildPhase section */

/* Begin PBXVariantGroup section */
		ABC36AF1297033B100A9FEE8 /* Localizable.strings */ = {
			isa = PBXVariantGroup;
			children = (
				ABC36AF0297033B100A9FEE8 /* en */,
				ABC36AF2297033B400A9FEE8 /* ar */,
			);
			name = Localizable.strings;
			sourceTree = "<group>";
		};
/* End PBXVariantGroup section */

/* Begin XCBuildConfiguration section */
		ABC36AD32970305E00A9FEE8 /* Debug */ = {
			isa = XCBuildConfiguration;
			buildSettings = {
				ALWAYS_SEARCH_USER_PATHS = NO;
				CLANG_ANALYZER_NONNULL = YES;
				CLANG_ANALYZER_NUMBER_OBJECT_CONVERSION = YES_AGGRESSIVE;
				CLANG_CXX_LANGUAGE_STANDARD = "gnu++20";
				CLANG_ENABLE_MODULES = YES;
				CLANG_ENABLE_OBJC_ARC = YES;
				CLANG_ENABLE_OBJC_WEAK = YES;
				CLANG_WARN_BLOCK_CAPTURE_AUTORELEASING = YES;
				CLANG_WARN_BOOL_CONVERSION = YES;
				CLANG_WARN_COMMA = YES;
				CLANG_WARN_CONSTANT_CONVERSION = YES;
				CLANG_WARN_DEPRECATED_OBJC_IMPLEMENTATIONS = YES;
				CLANG_WARN_DIRECT_OBJC_ISA_USAGE = YES_ERROR;
				CLANG_WARN_DOCUMENTATION_COMMENTS = YES;
				CLANG_WARN_EMPTY_BODY = YES;
				CLANG_WARN_ENUM_CONVERSION = YES;
				CLANG_WARN_INFINITE_RECURSION = YES;
				CLANG_WARN_INT_CONVERSION = YES;
				CLANG_WARN_NON_LITERAL_NULL_CONVERSION = YES;
				CLANG_WARN_OBJC_IMPLICIT_RETAIN_SELF = YES;
				CLANG_WARN_OBJC_LITERAL_CONVERSION = YES;
				CLANG_WARN_OBJC_ROOT_CLASS = YES_ERROR;
				CLANG_WARN_QUOTED_INCLUDE_IN_FRAMEWORK_HEADER = YES;
				CLANG_WARN_RANGE_LOOP_ANALYSIS = YES;
				CLANG_WARN_STRICT_PROTOTYPES = YES;
				CLANG_WARN_SUSPICIOUS_MOVE = YES;
				CLANG_WARN_UNGUARDED_AVAILABILITY = YES_AGGRESSIVE;
				CLANG_WARN_UNREACHABLE_CODE = YES;
				CLANG_WARN__DUPLICATE_METHOD_MATCH = YES;
				COPY_PHASE_STRIP = NO;
				DEBUG_INFORMATION_FORMAT = dwarf;
				ENABLE_STRICT_OBJC_MSGSEND = YES;
				ENABLE_TESTABILITY = YES;
				GCC_C_LANGUAGE_STANDARD = gnu11;
				GCC_DYNAMIC_NO_PIC = NO;
				GCC_NO_COMMON_BLOCKS = YES;
				GCC_OPTIMIZATION_LEVEL = 0;
				GCC_PREPROCESSOR_DEFINITIONS = (
					"DEBUG=1",
					"$(inherited)",
				);
				GCC_WARN_64_TO_32_BIT_CONVERSION = YES;
				GCC_WARN_ABOUT_RETURN_TYPE = YES_ERROR;
				GCC_WARN_UNDECLARED_SELECTOR = YES;
				GCC_WARN_UNINITIALIZED_AUTOS = YES_AGGRESSIVE;
				GCC_WARN_UNUSED_FUNCTION = YES;
				GCC_WARN_UNUSED_VARIABLE = YES;
				IPHONEOS_DEPLOYMENT_TARGET = 16.2;
				MTL_ENABLE_DEBUG_INFO = INCLUDE_SOURCE;
				MTL_FAST_MATH = YES;
				ONLY_ACTIVE_ARCH = YES;
				SDKROOT = iphoneos;
				SWIFT_ACTIVE_COMPILATION_CONDITIONS = DEBUG;
				SWIFT_OPTIMIZATION_LEVEL = "-Onone";
			};
			name = Debug;
		};
		ABC36AD42970305E00A9FEE8 /* Release */ = {
			isa = XCBuildConfiguration;
			buildSettings = {
				ALWAYS_SEARCH_USER_PATHS = NO;
				CLANG_ANALYZER_NONNULL = YES;
				CLANG_ANALYZER_NUMBER_OBJECT_CONVERSION = YES_AGGRESSIVE;
				CLANG_CXX_LANGUAGE_STANDARD = "gnu++20";
				CLANG_ENABLE_MODULES = YES;
				CLANG_ENABLE_OBJC_ARC = YES;
				CLANG_ENABLE_OBJC_WEAK = YES;
				CLANG_WARN_BLOCK_CAPTURE_AUTORELEASING = YES;
				CLANG_WARN_BOOL_CONVERSION = YES;
				CLANG_WARN_COMMA = YES;
				CLANG_WARN_CONSTANT_CONVERSION = YES;
				CLANG_WARN_DEPRECATED_OBJC_IMPLEMENTATIONS = YES;
				CLANG_WARN_DIRECT_OBJC_ISA_USAGE = YES_ERROR;
				CLANG_WARN_DOCUMENTATION_COMMENTS = YES;
				CLANG_WARN_EMPTY_BODY = YES;
				CLANG_WARN_ENUM_CONVERSION = YES;
				CLANG_WARN_INFINITE_RECURSION = YES;
				CLANG_WARN_INT_CONVERSION = YES;
				CLANG_WARN_NON_LITERAL_NULL_CONVERSION = YES;
				CLANG_WARN_OBJC_IMPLICIT_RETAIN_SELF = YES;
				CLANG_WARN_OBJC_LITERAL_CONVERSION = YES;
				CLANG_WARN_OBJC_ROOT_CLASS = YES_ERROR;
				CLANG_WARN_QUOTED_INCLUDE_IN_FRAMEWORK_HEADER = YES;
				CLANG_WARN_RANGE_LOOP_ANALYSIS = YES;
				CLANG_WARN_STRICT_PROTOTYPES = YES;
				CLANG_WARN_SUSPICIOUS_MOVE = YES;
				CLANG_WARN_UNGUARDED_AVAILABILITY = YES_AGGRESSIVE;
				CLANG_WARN_UNREACHABLE_CODE = YES;
				CLANG_WARN__DUPLICATE_METHOD_MATCH = YES;
				COPY_PHASE_STRIP = NO;
				DEBUG_INFORMATION_FORMAT = "dwarf-with-dsym";
				ENABLE_NS_ASSERTIONS = NO;
				ENABLE_STRICT_OBJC_MSGSEND = YES;
				GCC_C_LANGUAGE_STANDARD = gnu11;
				GCC_NO_COMMON_BLOCKS = YES;
				GCC_WARN_64_TO_32_BIT_CONVERSION = YES;
				GCC_WARN_ABOUT_RETURN_TYPE = YES_ERROR;
				GCC_WARN_UNDECLARED_SELECTOR = YES;
				GCC_WARN_UNINITIALIZED_AUTOS = YES_AGGRESSIVE;
				GCC_WARN_UNUSED_FUNCTION = YES;
				GCC_WARN_UNUSED_VARIABLE = YES;
				IPHONEOS_DEPLOYMENT_TARGET = 16.2;
				MTL_ENABLE_DEBUG_INFO = NO;
				MTL_FAST_MATH = YES;
				SDKROOT = iphoneos;
				SWIFT_COMPILATION_MODE = wholemodule;
				SWIFT_OPTIMIZATION_LEVEL = "-O";
				VALIDATE_PRODUCT = YES;
			};
			name = Release;
		};
		ABC36AD62970305E00A9FEE8 /* Debug */ = {
			isa = XCBuildConfiguration;
			buildSettings = {
				ASSETCATALOG_COMPILER_APPICON_NAME = AppIcon;
				ASSETCATALOG_COMPILER_GLOBAL_ACCENT_COLOR_NAME = AccentColor;
				CODE_SIGN_STYLE = Automatic;
				CURRENT_PROJECT_VERSION = 1;
				DEVELOPMENT_ASSET_PATHS = "\"HueHunter/Preview Content\"";
				DEVELOPMENT_TEAM = 39TB9N8XV6;
				ENABLE_PREVIEWS = YES;
				GENERATE_INFOPLIST_FILE = YES;
				INFOPLIST_KEY_UIApplicationSceneManifest_Generation = YES;
				INFOPLIST_KEY_UIApplicationSupportsIndirectInputEvents = YES;
				INFOPLIST_KEY_UILaunchScreen_Generation = YES;
				INFOPLIST_KEY_UISupportedInterfaceOrientations = UIInterfaceOrientationPortrait;
				LD_RUNPATH_SEARCH_PATHS = (
					"$(inherited)",
					"@executable_path/Frameworks",
				);
				MARKETING_VERSION = 1.0;
				PRODUCT_BUNDLE_IDENTIFIER = demo.HueHunter;
				PRODUCT_NAME = "$(TARGET_NAME)";
				SWIFT_EMIT_LOC_STRINGS = YES;
				SWIFT_VERSION = 5.0;
				TARGETED_DEVICE_FAMILY = "1,2";
			};
			name = Debug;
		};
		ABC36AD72970305E00A9FEE8 /* Release */ = {
			isa = XCBuildConfiguration;
			buildSettings = {
				ASSETCATALOG_COMPILER_APPICON_NAME = AppIcon;
				ASSETCATALOG_COMPILER_GLOBAL_ACCENT_COLOR_NAME = AccentColor;
				CODE_SIGN_STYLE = Automatic;
				CURRENT_PROJECT_VERSION = 1;
				DEVELOPMENT_ASSET_PATHS = "\"HueHunter/Preview Content\"";
				DEVELOPMENT_TEAM = 39TB9N8XV6;
				ENABLE_PREVIEWS = YES;
				GENERATE_INFOPLIST_FILE = YES;
				INFOPLIST_KEY_UIApplicationSceneManifest_Generation = YES;
				INFOPLIST_KEY_UIApplicationSupportsIndirectInputEvents = YES;
				INFOPLIST_KEY_UILaunchScreen_Generation = YES;
				INFOPLIST_KEY_UISupportedInterfaceOrientations = UIInterfaceOrientationPortrait;
				LD_RUNPATH_SEARCH_PATHS = (
					"$(inherited)",
					"@executable_path/Frameworks",
				);
				MARKETING_VERSION = 1.0;
				PRODUCT_BUNDLE_IDENTIFIER = demo.HueHunter;
				PRODUCT_NAME = "$(TARGET_NAME)";
				SWIFT_EMIT_LOC_STRINGS = YES;
				SWIFT_VERSION = 5.0;
				TARGETED_DEVICE_FAMILY = "1,2";
			};
			name = Release;
		};
/* End XCBuildConfiguration section */

/* Begin XCConfigurationList section */
		ABC36AC22970305D00A9FEE8 /* Build configuration list for PBXProject "HueHunter" */ = {
			isa = XCConfigurationList;
			buildConfigurations = (
				ABC36AD32970305E00A9FEE8 /* Debug */,
				ABC36AD42970305E00A9FEE8 /* Release */,
			);
			defaultConfigurationIsVisible = 0;
			defaultConfigurationName = Release;
		};
		ABC36AD52970305E00A9FEE8 /* Build configuration list for PBXNativeTarget "HueHunter" */ = {
			isa = XCConfigurationList;
			buildConfigurations = (
				ABC36AD62970305E00A9FEE8 /* Debug */,
				ABC36AD72970305E00A9FEE8 /* Release */,
			);
			defaultConfigurationIsVisible = 0;
			defaultConfigurationName = Release;
		};
/* End XCConfigurationList section */
	};
	rootObject = ABC36ABF2970305D00A9FEE8 /* Project object */;
}
